{
    "_meta": {
        "hash": {
            "sha256": "378e1c2f658e1d77167bb5f5229b5d27a11788b8297def4ff71c44fea529dfbb"
        },
        "pipfile-spec": 6,
        "requires": {
            "python_full_version": "3.10.14",
            "python_version": "3.10"
        },
        "sources": [
            {
                "name": "pypi",
                "url": "https://pypi.org/simple",
                "verify_ssl": true
            }
        ]
    },
    "default": {},
    "develop": {}
}
